
Microsoft Visual Studio Solution File, Format Version 12.00
# Visual Studio Version 16
VisualStudioVersion = 16.0.31129.286
MinimumVisualStudioVersion = 10.0.40219.1
Project("{FAE04EC0-301F-11D3-BF4B-00C04F79EFBC}") = "WebAppgt", "WebAppgt\WebAppgt.csproj", "{92630A5C-0F46-4004-873A-22C5709B6720}"
EndProject
Global
	GlobalSection(SolutionConfigurationPlatforms) = preSolution
		Debug|Any CPU = Debug|Any CPU
		Release|Any CPU = Release|Any CPU
	EndGlobalSection
	GlobalSection(ProjectConfigurationPlatforms) = postSolution
		{92630A5C-0F46-4004-873A-22C5709B6720}.Debug|Any CPU.ActiveCfg = Debug|Any CPU
		{92630A5C-0F46-4004-873A-22C5709B6720}.Debug|Any CPU.Build.0 = Debug|Any CPU
		{92630A5C-0F46-4004-873A-22C5709B6720}.Release|Any CPU.ActiveCfg = Release|Any CPU
		{92630A5C-0F46-4004-873A-22C5709B6720}.Release|Any CPU.Build.0 = Release|Any CPU
	EndGlobalSection
	GlobalSection(SolutionProperties) = preSolution
		HideSolutionNode = FALSE
	EndGlobalSection
	GlobalSection(ExtensibilityGlobals) = postSolution
		SolutionGuid = {4C58AF9F-D7F0-4778-BD1F-324E4C883A8E}
	EndGlobalSection
EndGlobal
